schema: '2.0'
stages:
  data-ingestion:
    cmd: python src\data\data-ingestion.py
    deps:
    - path: src\data\data-ingestion.py
      hash: md5
      md5: d19dfa21fca2122b131e4ad967b39cfb
      size: 3545
    params:
      params.yaml:
        data-ingestion.test_size: 0.4
    outs:
    - path: data/raw
      hash: md5
      md5: 106c38725190ad2e4bab6fa291b592a8.dir
      size: 827973
      nfiles: 2
  data_preprocessing:
    cmd: python src\data\data_preprocessing.py --force
    deps:
    - path: data/raw
      hash: md5
      md5: 106c38725190ad2e4bab6fa291b592a8.dir
      size: 827973
      nfiles: 2
    - path: src\data\data_preprocessing.py
      hash: md5
      md5: 009be75141c3ce44c9b4f776e374ab77
      size: 4018
    outs:
    - path: data/interim
      hash: md5
      md5: 174016c5473576c31be2093222f61d3d.dir
      size: 566210
      nfiles: 2
  feature_engineering:
    cmd: python src\features\feature_engineering.py
    deps:
    - path: data/interim
      hash: md5
      md5: 174016c5473576c31be2093222f61d3d.dir
      size: 566210
      nfiles: 2
    - path: src\features\feature_engineering.py
      hash: md5
      md5: 670d18884e27b95b93bcd6ce40e06ca5
      size: 3914
    outs:
    - path: data/features
      hash: md5
      md5: 187db7068319a2a62b39449b8bd2c1c6.dir
      size: 4534582
      nfiles: 2
  model_building:
    cmd: python src\model\model_building.py
    deps:
    - path: data/features
      hash: md5
      md5: 187db7068319a2a62b39449b8bd2c1c6.dir
      size: 4534582
      nfiles: 2
    - path: src\model\model_building.py
      hash: md5
      md5: 0a4d4cc32ff456f7af3e2a32fd276834
      size: 473
    outs:
    - path: models/model.pkl
      hash: md5
      md5: ea4120d16f850249824291abb09564d8
      size: 71275
  model_evaluation:
    cmd: python src\model\model_evaluation.py
    deps:
    - path: models/model.pkl
      hash: md5
      md5: ea4120d16f850249824291abb09564d8
      size: 71275
    - path: src\model\model_evaluation.py
      hash: md5
      md5: ad6346463777a48c45f3cccb62fa6d6f
      size: 825
    outs:
    - path: metrics.json
      hash: md5
      md5: 88d1b27bda6a0def1e09d63cc1aca22b
      size: 150
